
Microsoft Visual Studio Solution File, Format Version 12.00
# Visual Studio 15
VisualStudioVersion = 15.0.26124.0
MinimumVisualStudioVersion = 15.0.26124.0
Project("{FAE04EC0-301F-11D3-BF4B-00C04F79EFBC}") = "Pizza.Api", "Pizza.Api\Pizza.Api.csproj", "{B232EA7F-A67C-4CE1-B41F-D5AD238E12E0}"
EndProject
Project("{FAE04EC0-301F-11D3-BF4B-00C04F79EFBC}") = "Pizza.Domain", "Pizza.Domain\Pizza.Domain.csproj", "{C860A69E-DFB7-4BAD-8DAB-85076906D836}"
EndProject
Project("{FAE04EC0-301F-11D3-BF4B-00C04F79EFBC}") = "Pizza.Repository", "Pizza.Repository\Pizza.Repository.csproj", "{072092F7-BABC-49A7-B2C6-4D35D90BBAC5}"
EndProject
Project("{FAE04EC0-301F-11D3-BF4B-00C04F79EFBC}") = "Pizza.Service", "Pizza.Service\Pizza.Service.csproj", "{81B36137-F234-41A2-9711-87A79A683558}"
EndProject
Global
	GlobalSection(SolutionConfigurationPlatforms) = preSolution
		Debug|Any CPU = Debug|Any CPU
		Debug|x64 = Debug|x64
		Debug|x86 = Debug|x86
		Release|Any CPU = Release|Any CPU
		Release|x64 = Release|x64
		Release|x86 = Release|x86
	EndGlobalSection
	GlobalSection(SolutionProperties) = preSolution
		HideSolutionNode = FALSE
	EndGlobalSection
	GlobalSection(ProjectConfigurationPlatforms) = postSolution
		{B232EA7F-A67C-4CE1-B41F-D5AD238E12E0}.Debug|Any CPU.ActiveCfg = Debug|Any CPU
		{B232EA7F-A67C-4CE1-B41F-D5AD238E12E0}.Debug|Any CPU.Build.0 = Debug|Any CPU
		{B232EA7F-A67C-4CE1-B41F-D5AD238E12E0}.Debug|x64.ActiveCfg = Debug|Any CPU
		{B232EA7F-A67C-4CE1-B41F-D5AD238E12E0}.Debug|x64.Build.0 = Debug|Any CPU
		{B232EA7F-A67C-4CE1-B41F-D5AD238E12E0}.Debug|x86.ActiveCfg = Debug|Any CPU
		{B232EA7F-A67C-4CE1-B41F-D5AD238E12E0}.Debug|x86.Build.0 = Debug|Any CPU
		{B232EA7F-A67C-4CE1-B41F-D5AD238E12E0}.Release|Any CPU.ActiveCfg = Release|Any CPU
		{B232EA7F-A67C-4CE1-B41F-D5AD238E12E0}.Release|Any CPU.Build.0 = Release|Any CPU
		{B232EA7F-A67C-4CE1-B41F-D5AD238E12E0}.Release|x64.ActiveCfg = Release|Any CPU
		{B232EA7F-A67C-4CE1-B41F-D5AD238E12E0}.Release|x64.Build.0 = Release|Any CPU
		{B232EA7F-A67C-4CE1-B41F-D5AD238E12E0}.Release|x86.ActiveCfg = Release|Any CPU
		{B232EA7F-A67C-4CE1-B41F-D5AD238E12E0}.Release|x86.Build.0 = Release|Any CPU
		{C860A69E-DFB7-4BAD-8DAB-85076906D836}.Debug|Any CPU.ActiveCfg = Debug|Any CPU
		{C860A69E-DFB7-4BAD-8DAB-85076906D836}.Debug|Any CPU.Build.0 = Debug|Any CPU
		{C860A69E-DFB7-4BAD-8DAB-85076906D836}.Debug|x64.ActiveCfg = Debug|Any CPU
		{C860A69E-DFB7-4BAD-8DAB-85076906D836}.Debug|x64.Build.0 = Debug|Any CPU
		{C860A69E-DFB7-4BAD-8DAB-85076906D836}.Debug|x86.ActiveCfg = Debug|Any CPU
		{C860A69E-DFB7-4BAD-8DAB-85076906D836}.Debug|x86.Build.0 = Debug|Any CPU
		{C860A69E-DFB7-4BAD-8DAB-85076906D836}.Release|Any CPU.ActiveCfg = Release|Any CPU
		{C860A69E-DFB7-4BAD-8DAB-85076906D836}.Release|Any CPU.Build.0 = Release|Any CPU
		{C860A69E-DFB7-4BAD-8DAB-85076906D836}.Release|x64.ActiveCfg = Release|Any CPU
		{C860A69E-DFB7-4BAD-8DAB-85076906D836}.Release|x64.Build.0 = Release|Any CPU
		{C860A69E-DFB7-4BAD-8DAB-85076906D836}.Release|x86.ActiveCfg = Release|Any CPU
		{C860A69E-DFB7-4BAD-8DAB-85076906D836}.Release|x86.Build.0 = Release|Any CPU
		{072092F7-BABC-49A7-B2C6-4D35D90BBAC5}.Debug|Any CPU.ActiveCfg = Debug|Any CPU
		{072092F7-BABC-49A7-B2C6-4D35D90BBAC5}.Debug|Any CPU.Build.0 = Debug|Any CPU
		{072092F7-BABC-49A7-B2C6-4D35D90BBAC5}.Debug|x64.ActiveCfg = Debug|Any CPU
		{072092F7-BABC-49A7-B2C6-4D35D90BBAC5}.Debug|x64.Build.0 = Debug|Any CPU
		{072092F7-BABC-49A7-B2C6-4D35D90BBAC5}.Debug|x86.ActiveCfg = Debug|Any CPU
		{072092F7-BABC-49A7-B2C6-4D35D90BBAC5}.Debug|x86.Build.0 = Debug|Any CPU
		{072092F7-BABC-49A7-B2C6-4D35D90BBAC5}.Release|Any CPU.ActiveCfg = Release|Any CPU
		{072092F7-BABC-49A7-B2C6-4D35D90BBAC5}.Release|Any CPU.Build.0 = Release|Any CPU
		{072092F7-BABC-49A7-B2C6-4D35D90BBAC5}.Release|x64.ActiveCfg = Release|Any CPU
		{072092F7-BABC-49A7-B2C6-4D35D90BBAC5}.Release|x64.Build.0 = Release|Any CPU
		{072092F7-BABC-49A7-B2C6-4D35D90BBAC5}.Release|x86.ActiveCfg = Release|Any CPU
		{072092F7-BABC-49A7-B2C6-4D35D90BBAC5}.Release|x86.Build.0 = Release|Any CPU
		{81B36137-F234-41A2-9711-87A79A683558}.Debug|Any CPU.ActiveCfg = Debug|Any CPU
		{81B36137-F234-41A2-9711-87A79A683558}.Debug|Any CPU.Build.0 = Debug|Any CPU
		{81B36137-F234-41A2-9711-87A79A683558}.Debug|x64.ActiveCfg = Debug|Any CPU
		{81B36137-F234-41A2-9711-87A79A683558}.Debug|x64.Build.0 = Debug|Any CPU
		{81B36137-F234-41A2-9711-87A79A683558}.Debug|x86.ActiveCfg = Debug|Any CPU
		{81B36137-F234-41A2-9711-87A79A683558}.Debug|x86.Build.0 = Debug|Any CPU
		{81B36137-F234-41A2-9711-87A79A683558}.Release|Any CPU.ActiveCfg = Release|Any CPU
		{81B36137-F234-41A2-9711-87A79A683558}.Release|Any CPU.Build.0 = Release|Any CPU
		{81B36137-F234-41A2-9711-87A79A683558}.Release|x64.ActiveCfg = Release|Any CPU
		{81B36137-F234-41A2-9711-87A79A683558}.Release|x64.Build.0 = Release|Any CPU
		{81B36137-F234-41A2-9711-87A79A683558}.Release|x86.ActiveCfg = Release|Any CPU
		{81B36137-F234-41A2-9711-87A79A683558}.Release|x86.Build.0 = Release|Any CPU
	EndGlobalSection
EndGlobal
